// !$*UTF8*$!
{
	archiveVersion = 1;
	classes = {
	};
	objectVersion = 46;
	objects = {

/* Begin PBXBuildFile section */
		EF453F0F1C730D4F00C98450 /* main.cpp in Sources */ = {isa = PBXBuildFile; fileRef = EF453F0E1C730D4F00C98450 /* main.cpp */; };
		EF453F1A1C731F1400C98450 /* utils.cpp in Sources */ = {isa = PBXBuildFile; fileRef = EF453F181C731F1400C98450 /* utils.cpp */; };
		EF453F1E1C73219A00C98450 /* tonelli_Fpm.cpp in Sources */ = {isa = PBXBuildFile; fileRef = EF453F1C1C73219A00C98450 /* tonelli_Fpm.cpp */; };
		EF453F241C73237300C98450 /* extension_arithmatic.cpp in Sources */ = {isa = PBXBuildFile; fileRef = EF453F221C73237300C98450 /* extension_arithmatic.cpp */; };
		EF453F271C7342A100C98450 /* tonelli_Fp.cpp in Sources */ = {isa = PBXBuildFile; fileRef = EF453F251C7342A100C98450 /* tonelli_Fp.cpp */; };
/* End PBXBuildFile section */

/* Begin PBXCopyFilesBuildPhase section */
		EF453F091C730D4F00C98450 /* CopyFiles */ = {
			isa = PBXCopyFilesBuildPhase;
			buildActionMask = 2147483647;
			dstPath = /usr/share/man/man1/;
			dstSubfolderSpec = 0;
			files = (
			);
			runOnlyForDeploymentPostprocessing = 1;
		};
/* End PBXCopyFilesBuildPhase section */

/* Begin PBXFileReference section */
		EF453F0B1C730D4F00C98450 /* ExtensionField */ = {isa = PBXFileReference; explicitFileType = "compiled.mach-o.executable"; includeInIndex = 0; path = ExtensionField; sourceTree = BUILT_PRODUCTS_DIR; };
		EF453F0E1C730D4F00C98450 /* main.cpp */ = {isa = PBXFileReference; lastKnownFileType = sourcecode.cpp.cpp; path = main.cpp; sourceTree = "<group>"; };
		EF453F181C731F1400C98450 /* utils.cpp */ = {isa = PBXFileReference; fileEncoding = 4; lastKnownFileType = sourcecode.cpp.cpp; path = utils.cpp; sourceTree = "<group>"; };
		EF453F191C731F1400C98450 /* utils.hpp */ = {isa = PBXFileReference; fileEncoding = 4; lastKnownFileType = sourcecode.cpp.h; path = utils.hpp; sourceTree = "<group>"; };
		EF453F1B1C73206F00C98450 /* global_data.h */ = {isa = PBXFileReference; fileEncoding = 4; lastKnownFileType = sourcecode.c.h; path = global_data.h; sourceTree = "<group>"; };
		EF453F1C1C73219A00C98450 /* tonelli_Fpm.cpp */ = {isa = PBXFileReference; fileEncoding = 4; lastKnownFileType = sourcecode.cpp.cpp; path = tonelli_Fpm.cpp; sourceTree = "<group>"; };
		EF453F1D1C73219A00C98450 /* tonelli_Fpm.hpp */ = {isa = PBXFileReference; fileEncoding = 4; lastKnownFileType = sourcecode.cpp.h; path = tonelli_Fpm.hpp; sourceTree = "<group>"; };
		EF453F221C73237300C98450 /* extension_arithmatic.cpp */ = {isa = PBXFileReference; fileEncoding = 4; lastKnownFileType = sourcecode.cpp.cpp; path = extension_arithmatic.cpp; sourceTree = "<group>"; };
		EF453F231C73237300C98450 /* extension_arithmatic.hpp */ = {isa = PBXFileReference; fileEncoding = 4; lastKnownFileType = sourcecode.cpp.h; path = extension_arithmatic.hpp; sourceTree = "<group>"; };
		EF453F251C7342A100C98450 /* tonelli_Fp.cpp */ = {isa = PBXFileReference; fileEncoding = 4; lastKnownFileType = sourcecode.cpp.cpp; path = tonelli_Fp.cpp; sourceTree = "<group>"; };
		EF453F261C7342A100C98450 /* tonelli_Fp.hpp */ = {isa = PBXFileReference; fileEncoding = 4; lastKnownFileType = sourcecode.cpp.h; path = tonelli_Fp.hpp; sourceTree = "<group>"; };
/* End PBXFileReference section */

/* Begin PBXFrameworksBuildPhase section */
		EF453F081C730D4F00C98450 /* Frameworks */ = {
			isa = PBXFrameworksBuildPhase;
			buildActionMask = 2147483647;
			files = (
			);
			runOnlyForDeploymentPostprocessing = 0;
		};
/* End PBXFrameworksBuildPhase section */

/* Begin PBXGroup section */
		EF453F021C730D4F00C98450 = {
			isa = PBXGroup;
			children = (
				EF453F0D1C730D4F00C98450 /* ExtensionField */,
				EF453F0C1C730D4F00C98450 /* Products */,
			);
			sourceTree = "<group>";
		};
		EF453F0C1C730D4F00C98450 /* Products */ = {
			isa = PBXGroup;
			children = (
				EF453F0B1C730D4F00C98450 /* ExtensionField */,
			);
			name = Products;
			sourceTree = "<group>";
		};
		EF453F0D1C730D4F00C98450 /* ExtensionField */ = {
			isa = PBXGroup;
			children = (
				EF453F0E1C730D4F00C98450 /* main.cpp */,
				EF453F181C731F1400C98450 /* utils.cpp */,
				EF453F191C731F1400C98450 /* utils.hpp */,
				EF453F1B1C73206F00C98450 /* global_data.h */,
				EF453F1C1C73219A00C98450 /* tonelli_Fpm.cpp */,
				EF453F1D1C73219A00C98450 /* tonelli_Fpm.hpp */,
				EF453F221C73237300C98450 /* extension_arithmatic.cpp */,
				EF453F231C73237300C98450 /* extension_arithmatic.hpp */,
				EF453F251C7342A100C98450 /* tonelli_Fp.cpp */,
				EF453F261C7342A100C98450 /* tonelli_Fp.hpp */,
			);
			path = ExtensionField;
			sourceTree = "<group>";
		};
/* End PBXGroup section */

/* Begin PBXNativeTarget section */
		EF453F0A1C730D4F00C98450 /* ExtensionField */ = {
			isa = PBXNativeTarget;
			buildConfigurationList = EF453F121C730D4F00C98450 /* Build configuration list for PBXNativeTarget "ExtensionField" */;
			buildPhases = (
				EF453F071C730D4F00C98450 /* Sources */,
				EF453F081C730D4F00C98450 /* Frameworks */,
				EF453F091C730D4F00C98450 /* CopyFiles */,
			);
			buildRules = (
			);
			dependencies = (
			);
			name = ExtensionField;
			productName = ExtensionField;
			productReference = EF453F0B1C730D4F00C98450 /* ExtensionField */;
			productType = "com.apple.product-type.tool";
		};
/* End PBXNativeTarget section */

/* Begin PBXProject section */
		EF453F031C730D4F00C98450 /* Project object */ = {
			isa = PBXProject;
			attributes = {
				LastUpgradeCheck = 0720;
				ORGANIZATIONNAME = "Khandaker Md. Al-Amin";
				TargetAttributes = {
					EF453F0A1C730D4F00C98450 = {
						CreatedOnToolsVersion = 7.2.1;
					};
				};
			};
			buildConfigurationList = EF453F061C730D4F00C98450 /* Build configuration list for PBXProject "ExtensionField" */;
			compatibilityVersion = "Xcode 3.2";
			developmentRegion = English;
			hasScannedForEncodings = 0;
			knownRegions = (
				en,
			);
			mainGroup = EF453F021C730D4F00C98450;
			productRefGroup = EF453F0C1C730D4F00C98450 /* Products */;
			projectDirPath = "";
			projectRoot = "";
			targets = (
				EF453F0A1C730D4F00C98450 /* ExtensionField */,
			);
		};
/* End PBXProject section */

/* Begin PBXSourcesBuildPhase section */
		EF453F071C730D4F00C98450 /* Sources */ = {
			isa = PBXSourcesBuildPhase;
			buildActionMask = 2147483647;
			files = (
				EF453F271C7342A100C98450 /* tonelli_Fp.cpp in Sources */,
				EF453F0F1C730D4F00C98450 /* main.cpp in Sources */,
				EF453F1A1C731F1400C98450 /* utils.cpp in Sources */,
				EF453F1E1C73219A00C98450 /* tonelli_Fpm.cpp in Sources */,
				EF453F241C73237300C98450 /* extension_arithmatic.cpp in Sources */,
			);
			runOnlyForDeploymentPostprocessing = 0;
		};
/* End PBXSourcesBuildPhase section */

/* Begin XCBuildConfiguration section */
		EF453F101C730D4F00C98450 /* Debug */ = {
			isa = XCBuildConfiguration;
			buildSettings = {
				ALWAYS_SEARCH_USER_PATHS = NO;
				CLANG_CXX_LANGUAGE_STANDARD = "gnu++0x";
				CLANG_CXX_LIBRARY = "libc++";
				CLANG_ENABLE_MODULES = YES;
				CLANG_ENABLE_OBJC_ARC = YES;
				CLANG_WARN_BOOL_CONVERSION = YES;
				CLANG_WARN_CONSTANT_CONVERSION = YES;
				CLANG_WARN_DIRECT_OBJC_ISA_USAGE = YES_ERROR;
				CLANG_WARN_EMPTY_BODY = YES;
				CLANG_WARN_ENUM_CONVERSION = YES;
				CLANG_WARN_INT_CONVERSION = YES;
				CLANG_WARN_OBJC_ROOT_CLASS = YES_ERROR;
				CLANG_WARN_UNREACHABLE_CODE = YES;
				CLANG_WARN__DUPLICATE_METHOD_MATCH = YES;
				CODE_SIGN_IDENTITY = "-";
				COPY_PHASE_STRIP = NO;
				DEBUG_INFORMATION_FORMAT = dwarf;
				ENABLE_STRICT_OBJC_MSGSEND = YES;
				ENABLE_TESTABILITY = YES;
				GCC_C_LANGUAGE_STANDARD = gnu99;
				GCC_DYNAMIC_NO_PIC = NO;
				GCC_NO_COMMON_BLOCKS = YES;
				GCC_OPTIMIZATION_LEVEL = 0;
				GCC_PREPROCESSOR_DEFINITIONS = (
					"DEBUG=1",
					"$(inherited)",
				);
				GCC_WARN_64_TO_32_BIT_CONVERSION = YES;
				GCC_WARN_ABOUT_RETURN_TYPE = YES_ERROR;
				GCC_WARN_UNDECLARED_SELECTOR = YES;
				GCC_WARN_UNINITIALIZED_AUTOS = YES_AGGRESSIVE;
				GCC_WARN_UNUSED_FUNCTION = YES;
				GCC_WARN_UNUSED_VARIABLE = YES;
				MACOSX_DEPLOYMENT_TARGET = 10.11;
				MTL_ENABLE_DEBUG_INFO = YES;
				ONLY_ACTIVE_ARCH = YES;
				SDKROOT = macosx;
			};
			name = Debug;
		};
		EF453F111C730D4F00C98450 /* Release */ = {
			isa = XCBuildConfiguration;
			buildSettings = {
				ALWAYS_SEARCH_USER_PATHS = NO;
				CLANG_CXX_LANGUAGE_STANDARD = "gnu++0x";
				CLANG_CXX_LIBRARY = "libc++";
				CLANG_ENABLE_MODULES = YES;
				CLANG_ENABLE_OBJC_ARC = YES;
				CLANG_WARN_BOOL_CONVERSION = YES;
				CLANG_WARN_CONSTANT_CONVERSION = YES;
				CLANG_WARN_DIRECT_OBJC_ISA_USAGE = YES_ERROR;
				CLANG_WARN_EMPTY_BODY = YES;
				CLANG_WARN_ENUM_CONVERSION = YES;
				CLANG_WARN_INT_CONVERSION = YES;
				CLANG_WARN_OBJC_ROOT_CLASS = YES_ERROR;
				CLANG_WARN_UNREACHABLE_CODE = YES;
				CLANG_WARN__DUPLICATE_METHOD_MATCH = YES;
				CODE_SIGN_IDENTITY = "-";
				COPY_PHASE_STRIP = NO;
				DEBUG_INFORMATION_FORMAT = "dwarf-with-dsym";
				ENABLE_NS_ASSERTIONS = NO;
				ENABLE_STRICT_OBJC_MSGSEND = YES;
				GCC_C_LANGUAGE_STANDARD = gnu99;
				GCC_NO_COMMON_BLOCKS = YES;
				GCC_WARN_64_TO_32_BIT_CONVERSION = YES;
				GCC_WARN_ABOUT_RETURN_TYPE = YES_ERROR;
				GCC_WARN_UNDECLARED_SELECTOR = YES;
				GCC_WARN_UNINITIALIZED_AUTOS = YES_AGGRESSIVE;
				GCC_WARN_UNUSED_FUNCTION = YES;
				GCC_WARN_UNUSED_VARIABLE = YES;
				MACOSX_DEPLOYMENT_TARGET = 10.11;
				MTL_ENABLE_DEBUG_INFO = NO;
				SDKROOT = macosx;
			};
			name = Release;
		};
		EF453F131C730D4F00C98450 /* Debug */ = {
			isa = XCBuildConfiguration;
			buildSettings = {
				PRODUCT_NAME = "$(TARGET_NAME)";
			};
			name = Debug;
		};
		EF453F141C730D4F00C98450 /* Release */ = {
			isa = XCBuildConfiguration;
			buildSettings = {
				PRODUCT_NAME = "$(TARGET_NAME)";
			};
			name = Release;
		};
/* End XCBuildConfiguration section */

/* Begin XCConfigurationList section */
		EF453F061C730D4F00C98450 /* Build configuration list for PBXProject "ExtensionField" */ = {
			isa = XCConfigurationList;
			buildConfigurations = (
				EF453F101C730D4F00C98450 /* Debug */,
				EF453F111C730D4F00C98450 /* Release */,
			);
			defaultConfigurationIsVisible = 0;
			defaultConfigurationName = Release;
		};
		EF453F121C730D4F00C98450 /* Build configuration list for PBXNativeTarget "ExtensionField" */ = {
			isa = XCConfigurationList;
			buildConfigurations = (
				EF453F131C730D4F00C98450 /* Debug */,
				EF453F141C730D4F00C98450 /* Release */,
			);
			defaultConfigurationIsVisible = 0;
			defaultConfigurationName = Release;
		};
/* End XCConfigurationList section */
	};
	rootObject = EF453F031C730D4F00C98450 /* Project object */;
}
